{
  "name": "@wonderlandengine/uber-sdk",
  "version": "0.0.1",
  "lockfileVersion": 3,
  "requires": true,
  "packages": {
    "": {
      "name": "@wonderlandengine/uber-sdk",
      "version": "0.0.1",
      "license": "MIT",
      "dependencies": {
        "@heyvr/sdk-types": "^1.1.7",
        "@tma.js/sdk": "^2.7.0"
      }
    },
    "node_modules/@heyvr/sdk-types": {
      "version": "1.1.7",
      "resolved": "https://registry.npmjs.org/@heyvr/sdk-types/-/sdk-types-1.1.7.tgz",
      "integrity": "sha512-tzXvSPS9YFxZMS7b/qAOXo2L1YHd3EG7ZFR+tqch/OX7C95dztIjQubGnRO8QAN73YVe4gIFpxWPynpQsIFncA=="
    },
    "node_modules/@tma.js/sdk": {
      "version": "2.7.0",
      "resolved": "https://registry.npmjs.org/@tma.js/sdk/-/sdk-2.7.0.tgz",
      "integrity": "sha512-LRuJdoEbAqKmSYccvXx5emSnye2je8oIbBVPtV+BmcNoa/dCZ0gFVkaeuyBqzroGtfGDyGO/WebU54ie5MKmCQ==",
      "deprecated": "This package is not supported anymore. Use @telegram-apps/sdk instead.",
      "license": "MIT"
    }
  }
}
