{
    "name": "@wonderlandengine/uber-sdk",
    "version": "0.0.1",
    "lockfileVersion": 3,
    "requires": true,
    "packages": {
        "": {
            "name": "@wonderlandengine/uber-sdk",
            "version": "0.0.1",
            "license": "MIT",
            "dependencies": {
                "@heyvr/sdk-types": "^1.1.7",
                "@tma.js/sdk": "^2.7.0"
            },
            "devDependencies": {
                "@wonderlandengine/prettier-config": "^1.0.0",
                "prettier": "^3.3.3"
            },
            "peerDependencies": {
                "@wonderlandengine/api": "^1.1.0"
            }
        },
        "node_modules/@heyvr/sdk-types": {
            "version": "1.1.7",
            "resolved": "https://registry.npmjs.org/@heyvr/sdk-types/-/sdk-types-1.1.7.tgz",
            "integrity": "sha512-tzXvSPS9YFxZMS7b/qAOXo2L1YHd3EG7ZFR+tqch/OX7C95dztIjQubGnRO8QAN73YVe4gIFpxWPynpQsIFncA=="
        },
        "node_modules/@tma.js/sdk": {
            "version": "2.7.0",
            "resolved": "https://registry.npmjs.org/@tma.js/sdk/-/sdk-2.7.0.tgz",
            "integrity": "sha512-LRuJdoEbAqKmSYccvXx5emSnye2je8oIbBVPtV+BmcNoa/dCZ0gFVkaeuyBqzroGtfGDyGO/WebU54ie5MKmCQ==",
            "deprecated": "This package is not supported anymore. Use @telegram-apps/sdk instead.",
            "license": "MIT"
        },
        "node_modules/@types/webxr": {
            "version": "0.5.20",
            "resolved": "https://registry.npmjs.org/@types/webxr/-/webxr-0.5.20.tgz",
            "integrity": "sha512-JGpU6qiIJQKUuVSKx1GtQnHJGxRjtfGIhzO2ilq43VZZS//f1h1Sgexbdk+Lq+7569a6EYhOWrUpIruR/1Enmg==",
            "peer": true
        },
        "node_modules/@wonderlandengine/api": {
            "version": "1.2.4",
            "resolved": "https://registry.npmjs.org/@wonderlandengine/api/-/api-1.2.4.tgz",
            "integrity": "sha512-RJZIdzq3FbyLXRkcNO0vbiX4ANxxb0wDIekUwpvTN2hl7iDqu9Ihvltt32qL9qp3XTO6h7tpCFCLrR6BPnGFfA==",
            "peer": true,
            "dependencies": {
                "@types/webxr": "^0.5.0",
                "wasm-feature-detect": "^1.3.0"
            }
        },
        "node_modules/@wonderlandengine/prettier-config": {
            "version": "1.0.0",
            "resolved": "https://registry.npmjs.org/@wonderlandengine/prettier-config/-/prettier-config-1.0.0.tgz",
            "integrity": "sha512-XTnQX9Iqr5A6DK1a1qFuEpKOhmQ9VFp9dweggSlyEVmQtDig+dv73gb0ssA/hq7B9lSp3opl8KK1jOJKzXuMEw==",
            "dev": true
        },
        "node_modules/prettier": {
            "version": "3.3.3",
            "resolved": "https://registry.npmjs.org/prettier/-/prettier-3.3.3.tgz",
            "integrity": "sha512-i2tDNA0O5IrMO757lfrdQZCc2jPNDVntV0m/+4whiDfWaTKfMNgR7Qz0NAeGz/nRqF4m5/6CLzbP4/liHt12Ew==",
            "dev": true,
            "bin": {
                "prettier": "bin/prettier.cjs"
            },
            "engines": {
                "node": ">=14"
            },
            "funding": {
                "url": "https://github.com/prettier/prettier?sponsor=1"
            }
        },
        "node_modules/wasm-feature-detect": {
            "version": "1.8.0",
            "resolved": "https://registry.npmjs.org/wasm-feature-detect/-/wasm-feature-detect-1.8.0.tgz",
            "integrity": "sha512-zksaLKM2fVlnB5jQQDqKXXwYHLQUVH9es+5TOOHwGOVJOCeRBCiPjwSg+3tN2AdTCzjgli4jijCH290kXb/zWQ==",
            "peer": true
        }
    }
}
